
Microsoft Visual Studio Solution File, Format Version 12.00
# Visual Studio Version 17
VisualStudioVersion = 17.4.33122.133
MinimumVisualStudioVersion = 10.0.40219.1
Project("{FAE04EC0-301F-11D3-BF4B-00C04F79EFBC}") = "PLAY", "PLAY\PLAY.csproj", "{3F8A8BBA-30EA-44EA-864A-E0361EF6FE93}"
EndProject
Global
	GlobalSection(SolutionConfigurationPlatforms) = preSolution
		Debug|Any CPU = Debug|Any CPU
		Release|Any CPU = Release|Any CPU
	EndGlobalSection
	GlobalSection(ProjectConfigurationPlatforms) = postSolution
		{3F8A8BBA-30EA-44EA-864A-E0361EF6FE93}.Debug|Any CPU.ActiveCfg = Debug|Any CPU
		{3F8A8BBA-30EA-44EA-864A-E0361EF6FE93}.Debug|Any CPU.Build.0 = Debug|Any CPU
		{3F8A8BBA-30EA-44EA-864A-E0361EF6FE93}.Release|Any CPU.ActiveCfg = Release|Any CPU
		{3F8A8BBA-30EA-44EA-864A-E0361EF6FE93}.Release|Any CPU.Build.0 = Release|Any CPU
	EndGlobalSection
	GlobalSection(SolutionProperties) = preSolution
		HideSolutionNode = FALSE
	EndGlobalSection
	GlobalSection(ExtensibilityGlobals) = postSolution
		SolutionGuid = {817C892C-189A-4F38-B1AF-615835F3921F}
	EndGlobalSection
EndGlobal
